
Microsoft Visual Studio Solution File, Format Version 12.00
# Visual Studio Version 17
VisualStudioVersion = 17.7.34024.191
MinimumVisualStudioVersion = 10.0.40219.1
Project("{9A19103F-16F7-4668-BE54-9A1E7A4F7556}") = "TriangleLab1", "Лаб1\TriangleLab1.csproj", "{7B0F327F-4004-4546-987B-8A18E2144A4E}"
EndProject
Project("{9A19103F-16F7-4668-BE54-9A1E7A4F7556}") = "TestTriangle", "TestTriangle\TestTriangle.csproj", "{834FC5DF-1BE6-4B4C-AAA2-FB9A59B90E83}"
EndProject
Global
	GlobalSection(SolutionConfigurationPlatforms) = preSolution
		Debug|Any CPU = Debug|Any CPU
		Release|Any CPU = Release|Any CPU
	EndGlobalSection
	GlobalSection(ProjectConfigurationPlatforms) = postSolution
		{7B0F327F-4004-4546-987B-8A18E2144A4E}.Debug|Any CPU.ActiveCfg = Debug|Any CPU
		{7B0F327F-4004-4546-987B-8A18E2144A4E}.Debug|Any CPU.Build.0 = Debug|Any CPU
		{7B0F327F-4004-4546-987B-8A18E2144A4E}.Release|Any CPU.ActiveCfg = Release|Any CPU
		{7B0F327F-4004-4546-987B-8A18E2144A4E}.Release|Any CPU.Build.0 = Release|Any CPU
		{834FC5DF-1BE6-4B4C-AAA2-FB9A59B90E83}.Debug|Any CPU.ActiveCfg = Debug|Any CPU
		{834FC5DF-1BE6-4B4C-AAA2-FB9A59B90E83}.Debug|Any CPU.Build.0 = Debug|Any CPU
		{834FC5DF-1BE6-4B4C-AAA2-FB9A59B90E83}.Release|Any CPU.ActiveCfg = Release|Any CPU
		{834FC5DF-1BE6-4B4C-AAA2-FB9A59B90E83}.Release|Any CPU.Build.0 = Release|Any CPU
	EndGlobalSection
	GlobalSection(SolutionProperties) = preSolution
		HideSolutionNode = FALSE
	EndGlobalSection
	GlobalSection(ExtensibilityGlobals) = postSolution
		SolutionGuid = {EBEE33E2-6EF9-47A3-AD4D-26C02AB7979E}
	EndGlobalSection
EndGlobal
